
Microsoft Visual Studio Solution File, Format Version 12.00
# Visual Studio 15
VisualStudioVersion = 15.0.26430.16
MinimumVisualStudioVersion = 10.0.40219.1
Project("{FAE04EC0-301F-11D3-BF4B-00C04F79EFBC}") = "WebApplication_osnove", "WebApplication_osnove\WebApplication_osnove.csproj", "{B49C5249-41F4-4CCF-8C15-9BCCE487D3A3}"
EndProject
Project("{FAE04EC0-301F-11D3-BF4B-00C04F79EFBC}") = "WebFormsPrimjer", "WebFormsPrimjer\WebFormsPrimjer.csproj", "{53989147-FA52-4DDC-947B-4382D5969F13}"
EndProject
Project("{FAE04EC0-301F-11D3-BF4B-00C04F79EFBC}") = "HelloWorld", "HelloWorld\HelloWorld.csproj", "{FC517B1A-3A04-41DC-9E74-8E7CB20DA2C8}"
EndProject
Project("{2150E333-8FDC-42A3-9474-1A3956D46DE8}") = "Zbirka", "Zbirka", "{95293B38-0BFF-4153-B0E6-4514BE6CA8C3}"
EndProject
Project("{FAE04EC0-301F-11D3-BF4B-00C04F79EFBC}") = "Zadaci zbirka", "Zadaci zbirka\Zadaci zbirka.csproj", "{0115BBE4-4301-4AD8-B024-FFA252AF2BDD}"
EndProject
Project("{FAE04EC0-301F-11D3-BF4B-00C04F79EFBC}") = "Validacije", "Validacije\Validacije.csproj", "{4E71A5B5-5B10-4DDB-9CDE-9E1649334DDD}"
EndProject
Project("{FAE04EC0-301F-11D3-BF4B-00C04F79EFBC}") = "ADONET_komponente", "ADONET_komponente\ADONET_komponente.csproj", "{911D9592-4E69-4C75-9AB5-375A055F8E5F}"
EndProject
Project("{FAE04EC0-301F-11D3-BF4B-00C04F79EFBC}") = "7.1.1 Unos podataka s validacijom", "7.1.1 Unos podataka s validacijom\7.1.1 Unos podataka s validacijom.csproj", "{689BED5B-94F2-4752-B7EB-CC5BE323AB2A}"
EndProject
Project("{FAE04EC0-301F-11D3-BF4B-00C04F79EFBC}") = "821 Citanje Iz Baze", "821 Citanje Iz Baze\821 Citanje Iz Baze.csproj", "{FCA8BA93-64F2-44CB-ABCE-2C04721145C0}"
EndProject
Project("{FAE04EC0-301F-11D3-BF4B-00C04F79EFBC}") = "WebShop", "WebShop\WebShop.csproj", "{8D01C327-75D9-4FE0-84F8-A48454261BEB}"
EndProject
Global
	GlobalSection(SolutionConfigurationPlatforms) = preSolution
		Debug|Any CPU = Debug|Any CPU
		Release|Any CPU = Release|Any CPU
	EndGlobalSection
	GlobalSection(ProjectConfigurationPlatforms) = postSolution
		{B49C5249-41F4-4CCF-8C15-9BCCE487D3A3}.Debug|Any CPU.ActiveCfg = Debug|Any CPU
		{B49C5249-41F4-4CCF-8C15-9BCCE487D3A3}.Debug|Any CPU.Build.0 = Debug|Any CPU
		{B49C5249-41F4-4CCF-8C15-9BCCE487D3A3}.Release|Any CPU.ActiveCfg = Release|Any CPU
		{B49C5249-41F4-4CCF-8C15-9BCCE487D3A3}.Release|Any CPU.Build.0 = Release|Any CPU
		{53989147-FA52-4DDC-947B-4382D5969F13}.Debug|Any CPU.ActiveCfg = Debug|Any CPU
		{53989147-FA52-4DDC-947B-4382D5969F13}.Debug|Any CPU.Build.0 = Debug|Any CPU
		{53989147-FA52-4DDC-947B-4382D5969F13}.Release|Any CPU.ActiveCfg = Release|Any CPU
		{53989147-FA52-4DDC-947B-4382D5969F13}.Release|Any CPU.Build.0 = Release|Any CPU
		{FC517B1A-3A04-41DC-9E74-8E7CB20DA2C8}.Debug|Any CPU.ActiveCfg = Debug|Any CPU
		{FC517B1A-3A04-41DC-9E74-8E7CB20DA2C8}.Debug|Any CPU.Build.0 = Debug|Any CPU
		{FC517B1A-3A04-41DC-9E74-8E7CB20DA2C8}.Release|Any CPU.ActiveCfg = Release|Any CPU
		{FC517B1A-3A04-41DC-9E74-8E7CB20DA2C8}.Release|Any CPU.Build.0 = Release|Any CPU
		{0115BBE4-4301-4AD8-B024-FFA252AF2BDD}.Debug|Any CPU.ActiveCfg = Debug|Any CPU
		{0115BBE4-4301-4AD8-B024-FFA252AF2BDD}.Debug|Any CPU.Build.0 = Debug|Any CPU
		{0115BBE4-4301-4AD8-B024-FFA252AF2BDD}.Release|Any CPU.ActiveCfg = Release|Any CPU
		{0115BBE4-4301-4AD8-B024-FFA252AF2BDD}.Release|Any CPU.Build.0 = Release|Any CPU
		{4E71A5B5-5B10-4DDB-9CDE-9E1649334DDD}.Debug|Any CPU.ActiveCfg = Debug|Any CPU
		{4E71A5B5-5B10-4DDB-9CDE-9E1649334DDD}.Debug|Any CPU.Build.0 = Debug|Any CPU
		{4E71A5B5-5B10-4DDB-9CDE-9E1649334DDD}.Release|Any CPU.ActiveCfg = Release|Any CPU
		{4E71A5B5-5B10-4DDB-9CDE-9E1649334DDD}.Release|Any CPU.Build.0 = Release|Any CPU
		{911D9592-4E69-4C75-9AB5-375A055F8E5F}.Debug|Any CPU.ActiveCfg = Debug|Any CPU
		{911D9592-4E69-4C75-9AB5-375A055F8E5F}.Debug|Any CPU.Build.0 = Debug|Any CPU
		{911D9592-4E69-4C75-9AB5-375A055F8E5F}.Release|Any CPU.ActiveCfg = Release|Any CPU
		{911D9592-4E69-4C75-9AB5-375A055F8E5F}.Release|Any CPU.Build.0 = Release|Any CPU
		{689BED5B-94F2-4752-B7EB-CC5BE323AB2A}.Debug|Any CPU.ActiveCfg = Debug|Any CPU
		{689BED5B-94F2-4752-B7EB-CC5BE323AB2A}.Debug|Any CPU.Build.0 = Debug|Any CPU
		{689BED5B-94F2-4752-B7EB-CC5BE323AB2A}.Release|Any CPU.ActiveCfg = Release|Any CPU
		{689BED5B-94F2-4752-B7EB-CC5BE323AB2A}.Release|Any CPU.Build.0 = Release|Any CPU
		{FCA8BA93-64F2-44CB-ABCE-2C04721145C0}.Debug|Any CPU.ActiveCfg = Debug|Any CPU
		{FCA8BA93-64F2-44CB-ABCE-2C04721145C0}.Debug|Any CPU.Build.0 = Debug|Any CPU
		{FCA8BA93-64F2-44CB-ABCE-2C04721145C0}.Release|Any CPU.ActiveCfg = Release|Any CPU
		{FCA8BA93-64F2-44CB-ABCE-2C04721145C0}.Release|Any CPU.Build.0 = Release|Any CPU
		{8D01C327-75D9-4FE0-84F8-A48454261BEB}.Debug|Any CPU.ActiveCfg = Debug|Any CPU
		{8D01C327-75D9-4FE0-84F8-A48454261BEB}.Debug|Any CPU.Build.0 = Debug|Any CPU
		{8D01C327-75D9-4FE0-84F8-A48454261BEB}.Release|Any CPU.ActiveCfg = Release|Any CPU
		{8D01C327-75D9-4FE0-84F8-A48454261BEB}.Release|Any CPU.Build.0 = Release|Any CPU
	EndGlobalSection
	GlobalSection(SolutionProperties) = preSolution
		HideSolutionNode = FALSE
	EndGlobalSection
	GlobalSection(NestedProjects) = preSolution
		{0115BBE4-4301-4AD8-B024-FFA252AF2BDD} = {95293B38-0BFF-4153-B0E6-4514BE6CA8C3}
		{689BED5B-94F2-4752-B7EB-CC5BE323AB2A} = {95293B38-0BFF-4153-B0E6-4514BE6CA8C3}
		{FCA8BA93-64F2-44CB-ABCE-2C04721145C0} = {95293B38-0BFF-4153-B0E6-4514BE6CA8C3}
	EndGlobalSection
	GlobalSection(ExtensibilityGlobals) = postSolution
		SolutionGuid = {9645ABE9-CCF0-41EC-B57E-C4C0CC681950}
	EndGlobalSection
EndGlobal
